{
  "pins" : [
    {
      "identity" : "lottie-ios",
      "kind" : "remoteSourceControl",
      "location" : "https://github.com/airbnb/lottie-ios.git",
      "state" : {
        "revision" : "d6feea26a370019b4d3a85f5984cb95a2734776f",
        "version" : "4.2.0"
      }
    },
    {
      "identity" : "lottie-swiftui",
      "kind" : "remoteSourceControl",
      "location" : "https://github.com/LukasHromadnik/Lottie-SwiftUI",
      "state" : {
        "revision" : "5248df81f494bdb64388b09e68284210a4126ee3",
        "version" : "1.2.2"
      }
    }
  ],
  "version" : 2
}
