// !$*UTF8*$!
{
	archiveVersion = 1;
	classes = {
	};
	objectVersion = 56;
	objects = {

/* Begin PBXBuildFile section */
		AC18FB482A33312F0055CC99 /* QuizyApp.swift in Sources */ = {isa = PBXBuildFile; fileRef = AC18FB472A33312F0055CC99 /* QuizyApp.swift */; };
		AC18FB4A2A33312F0055CC99 /* ContentView.swift in Sources */ = {isa = PBXBuildFile; fileRef = AC18FB492A33312F0055CC99 /* ContentView.swift */; };
		AC18FB4C2A3331310055CC99 /* Assets.xcassets in Resources */ = {isa = PBXBuildFile; fileRef = AC18FB4B2A3331310055CC99 /* Assets.xcassets */; };
		AC18FB4F2A3331310055CC99 /* Preview Assets.xcassets in Resources */ = {isa = PBXBuildFile; fileRef = AC18FB4E2A3331310055CC99 /* Preview Assets.xcassets */; };
		AC18FB572A33425E0055CC99 /* CategoryView.swift in Sources */ = {isa = PBXBuildFile; fileRef = AC18FB562A33425E0055CC99 /* CategoryView.swift */; };
		AC18FB5A2A3342A60055CC99 /* Manager.swift in Sources */ = {isa = PBXBuildFile; fileRef = AC18FB592A3342A60055CC99 /* Manager.swift */; };
		AC18FB5C2A3342E20055CC99 /* APIManager.swift in Sources */ = {isa = PBXBuildFile; fileRef = AC18FB5B2A3342E20055CC99 /* APIManager.swift */; };
		AC18FB5F2A3346140055CC99 /* String.swift in Sources */ = {isa = PBXBuildFile; fileRef = AC18FB5E2A3346140055CC99 /* String.swift */; };
		AC18FB612A3346350055CC99 /* Data.swift in Sources */ = {isa = PBXBuildFile; fileRef = AC18FB602A3346350055CC99 /* Data.swift */; };
		AC18FB632A3349650055CC99 /* SaveSystemManager.swift in Sources */ = {isa = PBXBuildFile; fileRef = AC18FB622A3349650055CC99 /* SaveSystemManager.swift */; };
		AC3C36352A346383005EFFB5 /* CustomCorner.swift in Sources */ = {isa = PBXBuildFile; fileRef = AC3C36342A346383005EFFB5 /* CustomCorner.swift */; };
		AC3C36372A348BC7005EFFB5 /* QuestionView.swift in Sources */ = {isa = PBXBuildFile; fileRef = AC3C36362A348BC7005EFFB5 /* QuestionView.swift */; };
		AC3C36392A348CAF005EFFB5 /* Views.swift in Sources */ = {isa = PBXBuildFile; fileRef = AC3C36382A348CAF005EFFB5 /* Views.swift */; };
		AC3C363C2A349117005EFFB5 /* DesignSystem.swift in Sources */ = {isa = PBXBuildFile; fileRef = AC3C363B2A349117005EFFB5 /* DesignSystem.swift */; };
		AC3C363E2A349134005EFFB5 /* Color.swift in Sources */ = {isa = PBXBuildFile; fileRef = AC3C363D2A349134005EFFB5 /* Color.swift */; };
		AC3C36402A349188005EFFB5 /* Padding.swift in Sources */ = {isa = PBXBuildFile; fileRef = AC3C363F2A349188005EFFB5 /* Padding.swift */; };
		AC3C36432A3491E0005EFFB5 /* MultipleChoiceButton.swift in Sources */ = {isa = PBXBuildFile; fileRef = AC3C36422A3491E0005EFFB5 /* MultipleChoiceButton.swift */; };
		AC3C36462A34921F005EFFB5 /* LottieSwiftUI in Frameworks */ = {isa = PBXBuildFile; productRef = AC3C36452A34921F005EFFB5 /* LottieSwiftUI */; };
		AC3C36482A349273005EFFB5 /* AnswerTrackerManager.swift in Sources */ = {isa = PBXBuildFile; fileRef = AC3C36472A349273005EFFB5 /* AnswerTrackerManager.swift */; };
		AC3C364A2A3492C6005EFFB5 /* ConclusionView.swift in Sources */ = {isa = PBXBuildFile; fileRef = AC3C36492A3492C6005EFFB5 /* ConclusionView.swift */; };
		AC3C364F2A349453005EFFB5 /* correct.json in Resources */ = {isa = PBXBuildFile; fileRef = AC3C364C2A349453005EFFB5 /* correct.json */; };
		AC3C36512A349453005EFFB5 /* wrong.json in Resources */ = {isa = PBXBuildFile; fileRef = AC3C364E2A349453005EFFB5 /* wrong.json */; };
		AC74F10F2A36FAF400AEAC6B /* BooleanButton.swift in Sources */ = {isa = PBXBuildFile; fileRef = AC74F10E2A36FAF400AEAC6B /* BooleanButton.swift */; };
/* End PBXBuildFile section */

/* Begin PBXFileReference section */
		AC18FB442A33312F0055CC99 /* Quizy.app */ = {isa = PBXFileReference; explicitFileType = wrapper.application; includeInIndex = 0; path = Quizy.app; sourceTree = BUILT_PRODUCTS_DIR; };
		AC18FB472A33312F0055CC99 /* QuizyApp.swift */ = {isa = PBXFileReference; lastKnownFileType = sourcecode.swift; path = QuizyApp.swift; sourceTree = "<group>"; };
		AC18FB492A33312F0055CC99 /* ContentView.swift */ = {isa = PBXFileReference; lastKnownFileType = sourcecode.swift; path = ContentView.swift; sourceTree = "<group>"; };
		AC18FB4B2A3331310055CC99 /* Assets.xcassets */ = {isa = PBXFileReference; lastKnownFileType = folder.assetcatalog; path = Assets.xcassets; sourceTree = "<group>"; };
		AC18FB4E2A3331310055CC99 /* Preview Assets.xcassets */ = {isa = PBXFileReference; lastKnownFileType = folder.assetcatalog; path = "Preview Assets.xcassets"; sourceTree = "<group>"; };
		AC18FB562A33425E0055CC99 /* CategoryView.swift */ = {isa = PBXFileReference; lastKnownFileType = sourcecode.swift; path = CategoryView.swift; sourceTree = "<group>"; };
		AC18FB592A3342A60055CC99 /* Manager.swift */ = {isa = PBXFileReference; lastKnownFileType = sourcecode.swift; path = Manager.swift; sourceTree = "<group>"; };
		AC18FB5B2A3342E20055CC99 /* APIManager.swift */ = {isa = PBXFileReference; lastKnownFileType = sourcecode.swift; path = APIManager.swift; sourceTree = "<group>"; };
		AC18FB5E2A3346140055CC99 /* String.swift */ = {isa = PBXFileReference; lastKnownFileType = sourcecode.swift; path = String.swift; sourceTree = "<group>"; };
		AC18FB602A3346350055CC99 /* Data.swift */ = {isa = PBXFileReference; lastKnownFileType = sourcecode.swift; path = Data.swift; sourceTree = "<group>"; };
		AC18FB622A3349650055CC99 /* SaveSystemManager.swift */ = {isa = PBXFileReference; lastKnownFileType = sourcecode.swift; path = SaveSystemManager.swift; sourceTree = "<group>"; };
		AC3C36342A346383005EFFB5 /* CustomCorner.swift */ = {isa = PBXFileReference; lastKnownFileType = sourcecode.swift; path = CustomCorner.swift; sourceTree = "<group>"; };
		AC3C36362A348BC7005EFFB5 /* QuestionView.swift */ = {isa = PBXFileReference; lastKnownFileType = sourcecode.swift; path = QuestionView.swift; sourceTree = "<group>"; };
		AC3C36382A348CAF005EFFB5 /* Views.swift */ = {isa = PBXFileReference; lastKnownFileType = sourcecode.swift; path = Views.swift; sourceTree = "<group>"; };
		AC3C363B2A349117005EFFB5 /* DesignSystem.swift */ = {isa = PBXFileReference; lastKnownFileType = sourcecode.swift; path = DesignSystem.swift; sourceTree = "<group>"; };
		AC3C363D2A349134005EFFB5 /* Color.swift */ = {isa = PBXFileReference; lastKnownFileType = sourcecode.swift; path = Color.swift; sourceTree = "<group>"; };
		AC3C363F2A349188005EFFB5 /* Padding.swift */ = {isa = PBXFileReference; lastKnownFileType = sourcecode.swift; path = Padding.swift; sourceTree = "<group>"; };
		AC3C36422A3491E0005EFFB5 /* MultipleChoiceButton.swift */ = {isa = PBXFileReference; lastKnownFileType = sourcecode.swift; path = MultipleChoiceButton.swift; sourceTree = "<group>"; };
		AC3C36472A349273005EFFB5 /* AnswerTrackerManager.swift */ = {isa = PBXFileReference; lastKnownFileType = sourcecode.swift; path = AnswerTrackerManager.swift; sourceTree = "<group>"; };
		AC3C36492A3492C6005EFFB5 /* ConclusionView.swift */ = {isa = PBXFileReference; lastKnownFileType = sourcecode.swift; path = ConclusionView.swift; sourceTree = "<group>"; };
		AC3C364C2A349453005EFFB5 /* correct.json */ = {isa = PBXFileReference; fileEncoding = 4; lastKnownFileType = text.json; path = correct.json; sourceTree = "<group>"; };
		AC3C364E2A349453005EFFB5 /* wrong.json */ = {isa = PBXFileReference; fileEncoding = 4; lastKnownFileType = text.json; path = wrong.json; sourceTree = "<group>"; };
		AC74F10E2A36FAF400AEAC6B /* BooleanButton.swift */ = {isa = PBXFileReference; lastKnownFileType = sourcecode.swift; path = BooleanButton.swift; sourceTree = "<group>"; };
/* End PBXFileReference section */

/* Begin PBXFrameworksBuildPhase section */
		AC18FB412A33312F0055CC99 /* Frameworks */ = {
			isa = PBXFrameworksBuildPhase;
			buildActionMask = 2147483647;
			files = (
				AC3C36462A34921F005EFFB5 /* LottieSwiftUI in Frameworks */,
			);
			runOnlyForDeploymentPostprocessing = 0;
		};
/* End PBXFrameworksBuildPhase section */

/* Begin PBXGroup section */
		AC18FB3B2A33312F0055CC99 = {
			isa = PBXGroup;
			children = (
				AC18FB462A33312F0055CC99 /* Quizy */,
				AC18FB452A33312F0055CC99 /* Products */,
			);
			sourceTree = "<group>";
		};
		AC18FB452A33312F0055CC99 /* Products */ = {
			isa = PBXGroup;
			children = (
				AC18FB442A33312F0055CC99 /* Quizy.app */,
			);
			name = Products;
			sourceTree = "<group>";
		};
		AC18FB462A33312F0055CC99 /* Quizy */ = {
			isa = PBXGroup;
			children = (
				AC3C364B2A349453005EFFB5 /* Lottie */,
				AC3C36412A3491BF005EFFB5 /* Buttons */,
				AC3C363A2A349100005EFFB5 /* DesignSystem */,
				AC18FB5D2A3346020055CC99 /* Extension */,
				AC18FB582A33428B0055CC99 /* APIManager */,
				AC18FB552A3342410055CC99 /* View */,
				AC18FB472A33312F0055CC99 /* QuizyApp.swift */,
				AC18FB4B2A3331310055CC99 /* Assets.xcassets */,
				AC18FB4D2A3331310055CC99 /* Preview Content */,
			);
			path = Quizy;
			sourceTree = "<group>";
		};
		AC18FB4D2A3331310055CC99 /* Preview Content */ = {
			isa = PBXGroup;
			children = (
				AC18FB4E2A3331310055CC99 /* Preview Assets.xcassets */,
			);
			path = "Preview Content";
			sourceTree = "<group>";
		};
		AC18FB552A3342410055CC99 /* View */ = {
			isa = PBXGroup;
			children = (
				AC18FB492A33312F0055CC99 /* ContentView.swift */,
				AC18FB562A33425E0055CC99 /* CategoryView.swift */,
				AC3C36382A348CAF005EFFB5 /* Views.swift */,
				AC3C36362A348BC7005EFFB5 /* QuestionView.swift */,
				AC3C36492A3492C6005EFFB5 /* ConclusionView.swift */,
			);
			path = View;
			sourceTree = "<group>";
		};
		AC18FB582A33428B0055CC99 /* APIManager */ = {
			isa = PBXGroup;
			children = (
				AC18FB592A3342A60055CC99 /* Manager.swift */,
				AC18FB5B2A3342E20055CC99 /* APIManager.swift */,
				AC3C36472A349273005EFFB5 /* AnswerTrackerManager.swift */,
				AC18FB622A3349650055CC99 /* SaveSystemManager.swift */,
			);
			path = APIManager;
			sourceTree = "<group>";
		};
		AC18FB5D2A3346020055CC99 /* Extension */ = {
			isa = PBXGroup;
			children = (
				AC18FB5E2A3346140055CC99 /* String.swift */,
				AC18FB602A3346350055CC99 /* Data.swift */,
				AC3C36342A346383005EFFB5 /* CustomCorner.swift */,
			);
			path = Extension;
			sourceTree = "<group>";
		};
		AC3C363A2A349100005EFFB5 /* DesignSystem */ = {
			isa = PBXGroup;
			children = (
				AC3C363B2A349117005EFFB5 /* DesignSystem.swift */,
				AC3C363D2A349134005EFFB5 /* Color.swift */,
				AC3C363F2A349188005EFFB5 /* Padding.swift */,
			);
			path = DesignSystem;
			sourceTree = "<group>";
		};
		AC3C36412A3491BF005EFFB5 /* Buttons */ = {
			isa = PBXGroup;
			children = (
				AC3C36422A3491E0005EFFB5 /* MultipleChoiceButton.swift */,
				AC74F10E2A36FAF400AEAC6B /* BooleanButton.swift */,
			);
			path = Buttons;
			sourceTree = "<group>";
		};
		AC3C364B2A349453005EFFB5 /* Lottie */ = {
			isa = PBXGroup;
			children = (
				AC3C364C2A349453005EFFB5 /* correct.json */,
				AC3C364E2A349453005EFFB5 /* wrong.json */,
			);
			path = Lottie;
			sourceTree = "<group>";
		};
/* End PBXGroup section */

/* Begin PBXNativeTarget section */
		AC18FB432A33312F0055CC99 /* Quizy */ = {
			isa = PBXNativeTarget;
			buildConfigurationList = AC18FB522A3331310055CC99 /* Build configuration list for PBXNativeTarget "Quizy" */;
			buildPhases = (
				AC18FB402A33312F0055CC99 /* Sources */,
				AC18FB412A33312F0055CC99 /* Frameworks */,
				AC18FB422A33312F0055CC99 /* Resources */,
			);
			buildRules = (
			);
			dependencies = (
			);
			name = Quizy;
			packageProductDependencies = (
				AC3C36452A34921F005EFFB5 /* LottieSwiftUI */,
			);
			productName = Quizy;
			productReference = AC18FB442A33312F0055CC99 /* Quizy.app */;
			productType = "com.apple.product-type.application";
		};
/* End PBXNativeTarget section */

/* Begin PBXProject section */
		AC18FB3C2A33312F0055CC99 /* Project object */ = {
			isa = PBXProject;
			attributes = {
				BuildIndependentTargetsInParallel = 1;
				LastSwiftUpdateCheck = 1420;
				LastUpgradeCheck = 1420;
				TargetAttributes = {
					AC18FB432A33312F0055CC99 = {
						CreatedOnToolsVersion = 14.2;
					};
				};
			};
			buildConfigurationList = AC18FB3F2A33312F0055CC99 /* Build configuration list for PBXProject "Quizy" */;
			compatibilityVersion = "Xcode 14.0";
			developmentRegion = en;
			hasScannedForEncodings = 0;
			knownRegions = (
				en,
				Base,
			);
			mainGroup = AC18FB3B2A33312F0055CC99;
			packageReferences = (
				AC3C36442A34921F005EFFB5 /* XCRemoteSwiftPackageReference "Lottie-SwiftUI" */,
			);
			productRefGroup = AC18FB452A33312F0055CC99 /* Products */;
			projectDirPath = "";
			projectRoot = "";
			targets = (
				AC18FB432A33312F0055CC99 /* Quizy */,
			);
		};
/* End PBXProject section */

/* Begin PBXResourcesBuildPhase section */
		AC18FB422A33312F0055CC99 /* Resources */ = {
			isa = PBXResourcesBuildPhase;
			buildActionMask = 2147483647;
			files = (
				AC3C36512A349453005EFFB5 /* wrong.json in Resources */,
				AC18FB4F2A3331310055CC99 /* Preview Assets.xcassets in Resources */,
				AC18FB4C2A3331310055CC99 /* Assets.xcassets in Resources */,
				AC3C364F2A349453005EFFB5 /* correct.json in Resources */,
			);
			runOnlyForDeploymentPostprocessing = 0;
		};
/* End PBXResourcesBuildPhase section */

/* Begin PBXSourcesBuildPhase section */
		AC18FB402A33312F0055CC99 /* Sources */ = {
			isa = PBXSourcesBuildPhase;
			buildActionMask = 2147483647;
			files = (
				AC3C363C2A349117005EFFB5 /* DesignSystem.swift in Sources */,
				AC3C36372A348BC7005EFFB5 /* QuestionView.swift in Sources */,
				AC3C36432A3491E0005EFFB5 /* MultipleChoiceButton.swift in Sources */,
				AC3C364A2A3492C6005EFFB5 /* ConclusionView.swift in Sources */,
				AC3C36392A348CAF005EFFB5 /* Views.swift in Sources */,
				AC18FB612A3346350055CC99 /* Data.swift in Sources */,
				AC3C363E2A349134005EFFB5 /* Color.swift in Sources */,
				AC18FB632A3349650055CC99 /* SaveSystemManager.swift in Sources */,
				AC18FB5F2A3346140055CC99 /* String.swift in Sources */,
				AC3C36352A346383005EFFB5 /* CustomCorner.swift in Sources */,
				AC18FB4A2A33312F0055CC99 /* ContentView.swift in Sources */,
				AC3C36402A349188005EFFB5 /* Padding.swift in Sources */,
				AC18FB482A33312F0055CC99 /* QuizyApp.swift in Sources */,
				AC3C36482A349273005EFFB5 /* AnswerTrackerManager.swift in Sources */,
				AC74F10F2A36FAF400AEAC6B /* BooleanButton.swift in Sources */,
				AC18FB5C2A3342E20055CC99 /* APIManager.swift in Sources */,
				AC18FB572A33425E0055CC99 /* CategoryView.swift in Sources */,
				AC18FB5A2A3342A60055CC99 /* Manager.swift in Sources */,
			);
			runOnlyForDeploymentPostprocessing = 0;
		};
/* End PBXSourcesBuildPhase section */

/* Begin XCBuildConfiguration section */
		AC18FB502A3331310055CC99 /* Debug */ = {
			isa = XCBuildConfiguration;
			buildSettings = {
				ALWAYS_SEARCH_USER_PATHS = NO;
				CLANG_ANALYZER_NONNULL = YES;
				CLANG_ANALYZER_NUMBER_OBJECT_CONVERSION = YES_AGGRESSIVE;
				CLANG_CXX_LANGUAGE_STANDARD = "gnu++20";
				CLANG_ENABLE_MODULES = YES;
				CLANG_ENABLE_OBJC_ARC = YES;
				CLANG_ENABLE_OBJC_WEAK = YES;
				CLANG_WARN_BLOCK_CAPTURE_AUTORELEASING = YES;
				CLANG_WARN_BOOL_CONVERSION = YES;
				CLANG_WARN_COMMA = YES;
				CLANG_WARN_CONSTANT_CONVERSION = YES;
				CLANG_WARN_DEPRECATED_OBJC_IMPLEMENTATIONS = YES;
				CLANG_WARN_DIRECT_OBJC_ISA_USAGE = YES_ERROR;
				CLANG_WARN_DOCUMENTATION_COMMENTS = YES;
				CLANG_WARN_EMPTY_BODY = YES;
				CLANG_WARN_ENUM_CONVERSION = YES;
				CLANG_WARN_INFINITE_RECURSION = YES;
				CLANG_WARN_INT_CONVERSION = YES;
				CLANG_WARN_NON_LITERAL_NULL_CONVERSION = YES;
				CLANG_WARN_OBJC_IMPLICIT_RETAIN_SELF = YES;
				CLANG_WARN_OBJC_LITERAL_CONVERSION = YES;
				CLANG_WARN_OBJC_ROOT_CLASS = YES_ERROR;
				CLANG_WARN_QUOTED_INCLUDE_IN_FRAMEWORK_HEADER = YES;
				CLANG_WARN_RANGE_LOOP_ANALYSIS = YES;
				CLANG_WARN_STRICT_PROTOTYPES = YES;
				CLANG_WARN_SUSPICIOUS_MOVE = YES;
				CLANG_WARN_UNGUARDED_AVAILABILITY = YES_AGGRESSIVE;
				CLANG_WARN_UNREACHABLE_CODE = YES;
				CLANG_WARN__DUPLICATE_METHOD_MATCH = YES;
				COPY_PHASE_STRIP = NO;
				DEBUG_INFORMATION_FORMAT = dwarf;
				ENABLE_STRICT_OBJC_MSGSEND = YES;
				ENABLE_TESTABILITY = YES;
				GCC_C_LANGUAGE_STANDARD = gnu11;
				GCC_DYNAMIC_NO_PIC = NO;
				GCC_NO_COMMON_BLOCKS = YES;
				GCC_OPTIMIZATION_LEVEL = 0;
				GCC_PREPROCESSOR_DEFINITIONS = (
					"DEBUG=1",
					"$(inherited)",
				);
				GCC_WARN_64_TO_32_BIT_CONVERSION = YES;
				GCC_WARN_ABOUT_RETURN_TYPE = YES_ERROR;
				GCC_WARN_UNDECLARED_SELECTOR = YES;
				GCC_WARN_UNINITIALIZED_AUTOS = YES_AGGRESSIVE;
				GCC_WARN_UNUSED_FUNCTION = YES;
				GCC_WARN_UNUSED_VARIABLE = YES;
				IPHONEOS_DEPLOYMENT_TARGET = 16.2;
				MTL_ENABLE_DEBUG_INFO = INCLUDE_SOURCE;
				MTL_FAST_MATH = YES;
				ONLY_ACTIVE_ARCH = YES;
				SDKROOT = iphoneos;
				SWIFT_ACTIVE_COMPILATION_CONDITIONS = DEBUG;
				SWIFT_OPTIMIZATION_LEVEL = "-Onone";
			};
			name = Debug;
		};
		AC18FB512A3331310055CC99 /* Release */ = {
			isa = XCBuildConfiguration;
			buildSettings = {
				ALWAYS_SEARCH_USER_PATHS = NO;
				CLANG_ANALYZER_NONNULL = YES;
				CLANG_ANALYZER_NUMBER_OBJECT_CONVERSION = YES_AGGRESSIVE;
				CLANG_CXX_LANGUAGE_STANDARD = "gnu++20";
				CLANG_ENABLE_MODULES = YES;
				CLANG_ENABLE_OBJC_ARC = YES;
				CLANG_ENABLE_OBJC_WEAK = YES;
				CLANG_WARN_BLOCK_CAPTURE_AUTORELEASING = YES;
				CLANG_WARN_BOOL_CONVERSION = YES;
				CLANG_WARN_COMMA = YES;
				CLANG_WARN_CONSTANT_CONVERSION = YES;
				CLANG_WARN_DEPRECATED_OBJC_IMPLEMENTATIONS = YES;
				CLANG_WARN_DIRECT_OBJC_ISA_USAGE = YES_ERROR;
				CLANG_WARN_DOCUMENTATION_COMMENTS = YES;
				CLANG_WARN_EMPTY_BODY = YES;
				CLANG_WARN_ENUM_CONVERSION = YES;
				CLANG_WARN_INFINITE_RECURSION = YES;
				CLANG_WARN_INT_CONVERSION = YES;
				CLANG_WARN_NON_LITERAL_NULL_CONVERSION = YES;
				CLANG_WARN_OBJC_IMPLICIT_RETAIN_SELF = YES;
				CLANG_WARN_OBJC_LITERAL_CONVERSION = YES;
				CLANG_WARN_OBJC_ROOT_CLASS = YES_ERROR;
				CLANG_WARN_QUOTED_INCLUDE_IN_FRAMEWORK_HEADER = YES;
				CLANG_WARN_RANGE_LOOP_ANALYSIS = YES;
				CLANG_WARN_STRICT_PROTOTYPES = YES;
				CLANG_WARN_SUSPICIOUS_MOVE = YES;
				CLANG_WARN_UNGUARDED_AVAILABILITY = YES_AGGRESSIVE;
				CLANG_WARN_UNREACHABLE_CODE = YES;
				CLANG_WARN__DUPLICATE_METHOD_MATCH = YES;
				COPY_PHASE_STRIP = NO;
				DEBUG_INFORMATION_FORMAT = "dwarf-with-dsym";
				ENABLE_NS_ASSERTIONS = NO;
				ENABLE_STRICT_OBJC_MSGSEND = YES;
				GCC_C_LANGUAGE_STANDARD = gnu11;
				GCC_NO_COMMON_BLOCKS = YES;
				GCC_WARN_64_TO_32_BIT_CONVERSION = YES;
				GCC_WARN_ABOUT_RETURN_TYPE = YES_ERROR;
				GCC_WARN_UNDECLARED_SELECTOR = YES;
				GCC_WARN_UNINITIALIZED_AUTOS = YES_AGGRESSIVE;
				GCC_WARN_UNUSED_FUNCTION = YES;
				GCC_WARN_UNUSED_VARIABLE = YES;
				IPHONEOS_DEPLOYMENT_TARGET = 16.2;
				MTL_ENABLE_DEBUG_INFO = NO;
				MTL_FAST_MATH = YES;
				SDKROOT = iphoneos;
				SWIFT_COMPILATION_MODE = wholemodule;
				SWIFT_OPTIMIZATION_LEVEL = "-O";
				VALIDATE_PRODUCT = YES;
			};
			name = Release;
		};
		AC18FB532A3331310055CC99 /* Debug */ = {
			isa = XCBuildConfiguration;
			buildSettings = {
				ASSETCATALOG_COMPILER_APPICON_NAME = AppIcon;
				ASSETCATALOG_COMPILER_GLOBAL_ACCENT_COLOR_NAME = AccentColor;
				CODE_SIGN_STYLE = Automatic;
				CURRENT_PROJECT_VERSION = 1;
				DEVELOPMENT_ASSET_PATHS = "\"Quizy/Preview Content\"";
				DEVELOPMENT_TEAM = LU893QGJWJ;
				ENABLE_PREVIEWS = YES;
				GENERATE_INFOPLIST_FILE = YES;
				INFOPLIST_KEY_UIApplicationSceneManifest_Generation = YES;
				INFOPLIST_KEY_UIApplicationSupportsIndirectInputEvents = YES;
				INFOPLIST_KEY_UILaunchScreen_Generation = YES;
				INFOPLIST_KEY_UISupportedInterfaceOrientations_iPad = "UIInterfaceOrientationPortrait UIInterfaceOrientationPortraitUpsideDown UIInterfaceOrientationLandscapeLeft UIInterfaceOrientationLandscapeRight";
				INFOPLIST_KEY_UISupportedInterfaceOrientations_iPhone = "UIInterfaceOrientationPortrait UIInterfaceOrientationLandscapeLeft UIInterfaceOrientationLandscapeRight";
				LD_RUNPATH_SEARCH_PATHS = (
					"$(inherited)",
					"@executable_path/Frameworks",
				);
				MARKETING_VERSION = 1.0;
				PRODUCT_BUNDLE_IDENTIFIER = Bhumika.Quizy;
				PRODUCT_NAME = "$(TARGET_NAME)";
				SWIFT_EMIT_LOC_STRINGS = YES;
				SWIFT_VERSION = 5.0;
				TARGETED_DEVICE_FAMILY = "1,2";
			};
			name = Debug;
		};
		AC18FB542A3331310055CC99 /* Release */ = {
			isa = XCBuildConfiguration;
			buildSettings = {
				ASSETCATALOG_COMPILER_APPICON_NAME = AppIcon;
				ASSETCATALOG_COMPILER_GLOBAL_ACCENT_COLOR_NAME = AccentColor;
				CODE_SIGN_STYLE = Automatic;
				CURRENT_PROJECT_VERSION = 1;
				DEVELOPMENT_ASSET_PATHS = "\"Quizy/Preview Content\"";
				DEVELOPMENT_TEAM = LU893QGJWJ;
				ENABLE_PREVIEWS = YES;
				GENERATE_INFOPLIST_FILE = YES;
				INFOPLIST_KEY_UIApplicationSceneManifest_Generation = YES;
				INFOPLIST_KEY_UIApplicationSupportsIndirectInputEvents = YES;
				INFOPLIST_KEY_UILaunchScreen_Generation = YES;
				INFOPLIST_KEY_UISupportedInterfaceOrientations_iPad = "UIInterfaceOrientationPortrait UIInterfaceOrientationPortraitUpsideDown UIInterfaceOrientationLandscapeLeft UIInterfaceOrientationLandscapeRight";
				INFOPLIST_KEY_UISupportedInterfaceOrientations_iPhone = "UIInterfaceOrientationPortrait UIInterfaceOrientationLandscapeLeft UIInterfaceOrientationLandscapeRight";
				LD_RUNPATH_SEARCH_PATHS = (
					"$(inherited)",
					"@executable_path/Frameworks",
				);
				MARKETING_VERSION = 1.0;
				PRODUCT_BUNDLE_IDENTIFIER = Bhumika.Quizy;
				PRODUCT_NAME = "$(TARGET_NAME)";
				SWIFT_EMIT_LOC_STRINGS = YES;
				SWIFT_VERSION = 5.0;
				TARGETED_DEVICE_FAMILY = "1,2";
			};
			name = Release;
		};
/* End XCBuildConfiguration section */

/* Begin XCConfigurationList section */
		AC18FB3F2A33312F0055CC99 /* Build configuration list for PBXProject "Quizy" */ = {
			isa = XCConfigurationList;
			buildConfigurations = (
				AC18FB502A3331310055CC99 /* Debug */,
				AC18FB512A3331310055CC99 /* Release */,
			);
			defaultConfigurationIsVisible = 0;
			defaultConfigurationName = Release;
		};
		AC18FB522A3331310055CC99 /* Build configuration list for PBXNativeTarget "Quizy" */ = {
			isa = XCConfigurationList;
			buildConfigurations = (
				AC18FB532A3331310055CC99 /* Debug */,
				AC18FB542A3331310055CC99 /* Release */,
			);
			defaultConfigurationIsVisible = 0;
			defaultConfigurationName = Release;
		};
/* End XCConfigurationList section */

/* Begin XCRemoteSwiftPackageReference section */
		AC3C36442A34921F005EFFB5 /* XCRemoteSwiftPackageReference "Lottie-SwiftUI" */ = {
			isa = XCRemoteSwiftPackageReference;
			repositoryURL = "https://github.com/LukasHromadnik/Lottie-SwiftUI";
			requirement = {
				kind = upToNextMajorVersion;
				minimumVersion = 1.0.0;
			};
		};
/* End XCRemoteSwiftPackageReference section */

/* Begin XCSwiftPackageProductDependency section */
		AC3C36452A34921F005EFFB5 /* LottieSwiftUI */ = {
			isa = XCSwiftPackageProductDependency;
			package = AC3C36442A34921F005EFFB5 /* XCRemoteSwiftPackageReference "Lottie-SwiftUI" */;
			productName = LottieSwiftUI;
		};
/* End XCSwiftPackageProductDependency section */
	};
	rootObject = AC18FB3C2A33312F0055CC99 /* Project object */;
}
